
Microsoft Visual Studio Solution File, Format Version 12.00
# Visual Studio 15
VisualStudioVersion = 15.0.26403.7
MinimumVisualStudioVersion = 10.0.40219.1
Project("{FAE04EC0-301F-11D3-BF4B-00C04F79EFBC}") = "BB.Bus", "BUs\BB.Bus.csproj", "{FB18ABA0-138E-46E0-AC7D-0CA293F36AF5}"
EndProject
Project("{FAE04EC0-301F-11D3-BF4B-00C04F79EFBC}") = "BB.Bus.Messages", "Messages\BB.Bus.Messages.csproj", "{FF4022AC-66F1-4ECF-B9B0-406FDAFD3760}"
EndProject
Project("{FAE04EC0-301F-11D3-BF4B-00C04F79EFBC}") = "BB.Bus.Test", "BB.Bus.Test\BB.Bus.Test.csproj", "{8EDF4429-251A-416D-BB68-93F227191BCF}"
EndProject
Project("{FAE04EC0-301F-11D3-BF4B-00C04F79EFBC}") = "RxTest", "RxTest\RxTest.csproj", "{B426EB6A-557C-400E-9C6D-738B46B2EFD7}"
EndProject
Project("{2150E333-8FDC-42A3-9474-1A3956D46DE8}") = "Infrasturcture_common", "Infrasturcture_common", "{1A3FDA50-9825-4BB6-821D-44BF4121518A}"
EndProject
Project("{2150E333-8FDC-42A3-9474-1A3956D46DE8}") = "Bus", "Bus", "{6F7D7E5D-E7A5-4AE8-A064-E213E5C4B953}"
EndProject
Project("{2150E333-8FDC-42A3-9474-1A3956D46DE8}") = "Tests", "Tests", "{94765E98-8F22-4E1B-8D99-D75D9347E3BB}"
EndProject
Global
	GlobalSection(SolutionConfigurationPlatforms) = preSolution
		Debug|Any CPU = Debug|Any CPU
		Release|Any CPU = Release|Any CPU
	EndGlobalSection
	GlobalSection(ProjectConfigurationPlatforms) = postSolution
		{FB18ABA0-138E-46E0-AC7D-0CA293F36AF5}.Debug|Any CPU.ActiveCfg = Debug|Any CPU
		{FB18ABA0-138E-46E0-AC7D-0CA293F36AF5}.Debug|Any CPU.Build.0 = Debug|Any CPU
		{FB18ABA0-138E-46E0-AC7D-0CA293F36AF5}.Release|Any CPU.ActiveCfg = Release|Any CPU
		{FB18ABA0-138E-46E0-AC7D-0CA293F36AF5}.Release|Any CPU.Build.0 = Release|Any CPU
		{FF4022AC-66F1-4ECF-B9B0-406FDAFD3760}.Debug|Any CPU.ActiveCfg = Debug|Any CPU
		{FF4022AC-66F1-4ECF-B9B0-406FDAFD3760}.Debug|Any CPU.Build.0 = Debug|Any CPU
		{FF4022AC-66F1-4ECF-B9B0-406FDAFD3760}.Release|Any CPU.ActiveCfg = Release|Any CPU
		{FF4022AC-66F1-4ECF-B9B0-406FDAFD3760}.Release|Any CPU.Build.0 = Release|Any CPU
		{8EDF4429-251A-416D-BB68-93F227191BCF}.Debug|Any CPU.ActiveCfg = Debug|Any CPU
		{8EDF4429-251A-416D-BB68-93F227191BCF}.Debug|Any CPU.Build.0 = Debug|Any CPU
		{8EDF4429-251A-416D-BB68-93F227191BCF}.Release|Any CPU.ActiveCfg = Release|Any CPU
		{8EDF4429-251A-416D-BB68-93F227191BCF}.Release|Any CPU.Build.0 = Release|Any CPU
		{B426EB6A-557C-400E-9C6D-738B46B2EFD7}.Debug|Any CPU.ActiveCfg = Debug|Any CPU
		{B426EB6A-557C-400E-9C6D-738B46B2EFD7}.Debug|Any CPU.Build.0 = Debug|Any CPU
		{B426EB6A-557C-400E-9C6D-738B46B2EFD7}.Release|Any CPU.ActiveCfg = Release|Any CPU
		{B426EB6A-557C-400E-9C6D-738B46B2EFD7}.Release|Any CPU.Build.0 = Release|Any CPU
	EndGlobalSection
	GlobalSection(SolutionProperties) = preSolution
		HideSolutionNode = FALSE
	EndGlobalSection
	GlobalSection(NestedProjects) = preSolution
		{FB18ABA0-138E-46E0-AC7D-0CA293F36AF5} = {6F7D7E5D-E7A5-4AE8-A064-E213E5C4B953}
		{FF4022AC-66F1-4ECF-B9B0-406FDAFD3760} = {6F7D7E5D-E7A5-4AE8-A064-E213E5C4B953}
		{8EDF4429-251A-416D-BB68-93F227191BCF} = {94765E98-8F22-4E1B-8D99-D75D9347E3BB}
		{6F7D7E5D-E7A5-4AE8-A064-E213E5C4B953} = {1A3FDA50-9825-4BB6-821D-44BF4121518A}
		{94765E98-8F22-4E1B-8D99-D75D9347E3BB} = {6F7D7E5D-E7A5-4AE8-A064-E213E5C4B953}
	EndGlobalSection
EndGlobal
