
Microsoft Visual Studio Solution File, Format Version 12.00
# Visual Studio 15
VisualStudioVersion = 15.0.26403.7
MinimumVisualStudioVersion = 10.0.40219.1
Project("{FAE04EC0-301F-11D3-BF4B-00C04F79EFBC}") = "RxTest", "RxTest\RxTest.csproj", "{B426EB6A-557C-400E-9C6D-738B46B2EFD7}"
EndProject
Project("{2150E333-8FDC-42A3-9474-1A3956D46DE8}") = "Domain", "Domain", "{A772F891-C2CB-47EF-A530-7241CA2D11DB}"
EndProject
Project("{FAE04EC0-301F-11D3-BF4B-00C04F79EFBC}") = "BusDomain", "BusDomain\BusDomain.csproj", "{35AFFFCD-F23C-4414-93B5-A61FB17AB49C}"
EndProject
Project("{2150E333-8FDC-42A3-9474-1A3956D46DE8}") = "Infrastructure", "Infrastructure", "{D6E4822B-3ACE-47F9-9143-0D3C0C98B7AF}"
EndProject
Project("{2150E333-8FDC-42A3-9474-1A3956D46DE8}") = "Test", "Test", "{923180E1-719A-473E-85C9-F0EC015FE8DB}"
EndProject
Project("{FAE04EC0-301F-11D3-BF4B-00C04F79EFBC}") = "EXPERIMENTS", "EXPERIMENTS\EXPERIMENTS.csproj", "{8EDF4429-251A-416D-BB68-93F227191BCF}"
EndProject
Project("{FAE04EC0-301F-11D3-BF4B-00C04F79EFBC}") = "WebSocketHandling", "WebSocketHandling\WebSocketHandling.csproj", "{B71AA62A-88BD-490B-A45B-0442C7075325}"
EndProject
Global
	GlobalSection(SolutionConfigurationPlatforms) = preSolution
		Debug|Any CPU = Debug|Any CPU
		Release|Any CPU = Release|Any CPU
	EndGlobalSection
	GlobalSection(ProjectConfigurationPlatforms) = postSolution
		{B426EB6A-557C-400E-9C6D-738B46B2EFD7}.Debug|Any CPU.ActiveCfg = Debug|Any CPU
		{B426EB6A-557C-400E-9C6D-738B46B2EFD7}.Debug|Any CPU.Build.0 = Debug|Any CPU
		{B426EB6A-557C-400E-9C6D-738B46B2EFD7}.Release|Any CPU.ActiveCfg = Release|Any CPU
		{B426EB6A-557C-400E-9C6D-738B46B2EFD7}.Release|Any CPU.Build.0 = Release|Any CPU
		{35AFFFCD-F23C-4414-93B5-A61FB17AB49C}.Debug|Any CPU.ActiveCfg = Debug|Any CPU
		{35AFFFCD-F23C-4414-93B5-A61FB17AB49C}.Debug|Any CPU.Build.0 = Debug|Any CPU
		{35AFFFCD-F23C-4414-93B5-A61FB17AB49C}.Release|Any CPU.ActiveCfg = Release|Any CPU
		{35AFFFCD-F23C-4414-93B5-A61FB17AB49C}.Release|Any CPU.Build.0 = Release|Any CPU
		{8EDF4429-251A-416D-BB68-93F227191BCF}.Debug|Any CPU.ActiveCfg = Debug|Any CPU
		{8EDF4429-251A-416D-BB68-93F227191BCF}.Debug|Any CPU.Build.0 = Debug|Any CPU
		{8EDF4429-251A-416D-BB68-93F227191BCF}.Release|Any CPU.ActiveCfg = Release|Any CPU
		{8EDF4429-251A-416D-BB68-93F227191BCF}.Release|Any CPU.Build.0 = Release|Any CPU
		{B71AA62A-88BD-490B-A45B-0442C7075325}.Debug|Any CPU.ActiveCfg = Debug|Any CPU
		{B71AA62A-88BD-490B-A45B-0442C7075325}.Debug|Any CPU.Build.0 = Debug|Any CPU
		{B71AA62A-88BD-490B-A45B-0442C7075325}.Release|Any CPU.ActiveCfg = Release|Any CPU
		{B71AA62A-88BD-490B-A45B-0442C7075325}.Release|Any CPU.Build.0 = Release|Any CPU
	EndGlobalSection
	GlobalSection(SolutionProperties) = preSolution
		HideSolutionNode = FALSE
	EndGlobalSection
	GlobalSection(NestedProjects) = preSolution
		{35AFFFCD-F23C-4414-93B5-A61FB17AB49C} = {A772F891-C2CB-47EF-A530-7241CA2D11DB}
		{923180E1-719A-473E-85C9-F0EC015FE8DB} = {A772F891-C2CB-47EF-A530-7241CA2D11DB}
		{8EDF4429-251A-416D-BB68-93F227191BCF} = {923180E1-719A-473E-85C9-F0EC015FE8DB}
		{B71AA62A-88BD-490B-A45B-0442C7075325} = {D6E4822B-3ACE-47F9-9143-0D3C0C98B7AF}
	EndGlobalSection
EndGlobal
